
Microsoft Visual Studio Solution File, Format Version 12.00
Project("{FAE04EC0-301F-11D3-BF4B-00C04F79EFBC}") = "SharpStructures.Test", "SharpStructures.Test\SharpStructures.Test.csproj", "{F43007C9-375D-4784-ACCF-E28D211365AF}"
EndProject
Project("{FAE04EC0-301F-11D3-BF4B-00C04F79EFBC}") = "SharpStructures", "SharpStructures\SharpStructures.csproj", "{5FBFB6E3-B92A-447D-95A3-8F4341F7F712}"
EndProject
Global
	GlobalSection(SolutionConfigurationPlatforms) = preSolution
		Debug|Any CPU = Debug|Any CPU
		Release|Any CPU = Release|Any CPU
	EndGlobalSection
	GlobalSection(ProjectConfigurationPlatforms) = postSolution
		{F43007C9-375D-4784-ACCF-E28D211365AF}.Debug|Any CPU.ActiveCfg = Debug|Any CPU
		{F43007C9-375D-4784-ACCF-E28D211365AF}.Debug|Any CPU.Build.0 = Debug|Any CPU
		{F43007C9-375D-4784-ACCF-E28D211365AF}.Release|Any CPU.ActiveCfg = Release|Any CPU
		{F43007C9-375D-4784-ACCF-E28D211365AF}.Release|Any CPU.Build.0 = Release|Any CPU
		{5FBFB6E3-B92A-447D-95A3-8F4341F7F712}.Debug|Any CPU.ActiveCfg = Debug|Any CPU
		{5FBFB6E3-B92A-447D-95A3-8F4341F7F712}.Debug|Any CPU.Build.0 = Debug|Any CPU
		{5FBFB6E3-B92A-447D-95A3-8F4341F7F712}.Release|Any CPU.ActiveCfg = Release|Any CPU
		{5FBFB6E3-B92A-447D-95A3-8F4341F7F712}.Release|Any CPU.Build.0 = Release|Any CPU
	EndGlobalSection
EndGlobal
